dependencies:
- name: filebeat
  repository: https://kubernetes-charts.storage.googleapis.com
  version: 1.1.1
- name: metricbeat
  repository: https://kubernetes-charts.storage.googleapis.com
  version: 0.4.2
- name: elasticsearch
  repository: https://kubernetes-charts.storage.googleapis.com
  version: 1.15.1
- name: kibana
  repository: https://kubernetes-charts.storage.googleapis.com
  version: 1.1.0
- name: elastalert
  repository: https://kubernetes-charts.storage.googleapis.com
  version: 0.9.0
digest: sha256:cb401c17c512cc9bdc168f67a1696d0be8963e83d32a2e8a9267d32f6711e72e
generated: 2018-12-20T16:55:11.875209022+01:00
