dependencies:
- name: kube-state-metrics
  repository: https://kubernetes-charts.storage.googleapis.com
  version: 0.12.1
- name: filebeat
  repository: https://kubernetes-charts.storage.googleapis.com
  version: 1.1.1
- name: metricbeat
  repository: https://kubernetes-charts.storage.googleapis.com
  version: 0.4.2
- name: elasticsearch
  repository: https://kubernetes-charts.storage.googleapis.com
  version: 1.15.1
- name: kibana
  repository: https://kubernetes-charts.storage.googleapis.com
  version: 1.1.0
- name: elasticsearch-curator
  repository: https://kubernetes-charts.storage.googleapis.com
  version: 1.0.1
digest: sha256:862710c7b5b84c12cf87d9d9c660f51832c8f662571c05a2d3f2758efdbac039
generated: 2018-12-28T10:42:47.157240188+01:00
